
Microsoft Visual Studio Solution File, Format Version 12.00
# Visual Studio 15
VisualStudioVersion = 15.0.27703.2047
MinimumVisualStudioVersion = 10.0.40219.1
Project("{FAE04EC0-301F-11D3-BF4B-00C04F79EFBC}") = "Jenkin", "Jenkin\Jenkin.csproj", "{A798B57C-E957-4504-9D70-0DBC48564357}"
EndProject
Global
	GlobalSection(SolutionConfigurationPlatforms) = preSolution
		Debug|Any CPU = Debug|Any CPU
		Release|Any CPU = Release|Any CPU
	EndGlobalSection
	GlobalSection(ProjectConfigurationPlatforms) = postSolution
		{A798B57C-E957-4504-9D70-0DBC48564357}.Debug|Any CPU.ActiveCfg = Debug|Any CPU
		{A798B57C-E957-4504-9D70-0DBC48564357}.Debug|Any CPU.Build.0 = Debug|Any CPU
		{A798B57C-E957-4504-9D70-0DBC48564357}.Release|Any CPU.ActiveCfg = Release|Any CPU
		{A798B57C-E957-4504-9D70-0DBC48564357}.Release|Any CPU.Build.0 = Release|Any CPU
	EndGlobalSection
	GlobalSection(SolutionProperties) = preSolution
		HideSolutionNode = FALSE
	EndGlobalSection
	GlobalSection(ExtensibilityGlobals) = postSolution
		SolutionGuid = {201F267F-6700-4C52-9869-18B812B63210}
	EndGlobalSection
EndGlobal
